
Microsoft Visual Studio Solution File, Format Version 12.00
# Visual Studio Version 17
VisualStudioVersion = 17.0.31903.59
MinimumVisualStudioVersion = 10.0.40219.1
Project("{FAE04EC0-301F-11D3-BF4B-00C04F79EFBC}") = "TVShowTracker.Application", "TVShowTracker.Application\TVShowTracker.Application.csproj", "{07BEA56B-E1AB-4D64-A786-704C2551137C}"
EndProject
Project("{FAE04EC0-301F-11D3-BF4B-00C04F79EFBC}") = "TVShowTracker.Domain", "TVShowTracker.Domain\TVShowTracker.Domain.csproj", "{4D8A262F-F206-4B3E-8C5F-30E3F2FBC0B0}"
EndProject
Project("{FAE04EC0-301F-11D3-BF4B-00C04F79EFBC}") = "TVShowTracker.Infra.Data", "TVShowTracker.Infra.Data\TVShowTracker.Infra.Data.csproj", "{A9F6DCC6-68B4-49C2-BF9B-B660A2C1234F}"
EndProject
Project("{FAE04EC0-301F-11D3-BF4B-00C04F79EFBC}") = "TVShowTracker.Infra.IoC", "TVShowTracker.Infra.IoC\TVShowTracker.Infra.IoC.csproj", "{6BE8BA00-898D-45AF-AC13-3FC81A8C73E4}"
EndProject
Project("{FAE04EC0-301F-11D3-BF4B-00C04F79EFBC}") = "TVShowTracker.WebUI", "TVShowTracker.WebUI\TVShowTracker.WebUI.csproj", "{CF3E042D-0409-4A9C-923B-9BB45519E1C0}"
EndProject
Global
	GlobalSection(SolutionConfigurationPlatforms) = preSolution
		Debug|Any CPU = Debug|Any CPU
		Release|Any CPU = Release|Any CPU
	EndGlobalSection
	GlobalSection(ProjectConfigurationPlatforms) = postSolution
		{07BEA56B-E1AB-4D64-A786-704C2551137C}.Debug|Any CPU.ActiveCfg = Debug|Any CPU
		{07BEA56B-E1AB-4D64-A786-704C2551137C}.Debug|Any CPU.Build.0 = Debug|Any CPU
		{07BEA56B-E1AB-4D64-A786-704C2551137C}.Release|Any CPU.ActiveCfg = Release|Any CPU
		{07BEA56B-E1AB-4D64-A786-704C2551137C}.Release|Any CPU.Build.0 = Release|Any CPU
		{4D8A262F-F206-4B3E-8C5F-30E3F2FBC0B0}.Debug|Any CPU.ActiveCfg = Debug|Any CPU
		{4D8A262F-F206-4B3E-8C5F-30E3F2FBC0B0}.Debug|Any CPU.Build.0 = Debug|Any CPU
		{4D8A262F-F206-4B3E-8C5F-30E3F2FBC0B0}.Release|Any CPU.ActiveCfg = Release|Any CPU
		{4D8A262F-F206-4B3E-8C5F-30E3F2FBC0B0}.Release|Any CPU.Build.0 = Release|Any CPU
		{A9F6DCC6-68B4-49C2-BF9B-B660A2C1234F}.Debug|Any CPU.ActiveCfg = Debug|Any CPU
		{A9F6DCC6-68B4-49C2-BF9B-B660A2C1234F}.Debug|Any CPU.Build.0 = Debug|Any CPU
		{A9F6DCC6-68B4-49C2-BF9B-B660A2C1234F}.Release|Any CPU.ActiveCfg = Release|Any CPU
		{A9F6DCC6-68B4-49C2-BF9B-B660A2C1234F}.Release|Any CPU.Build.0 = Release|Any CPU
		{6BE8BA00-898D-45AF-AC13-3FC81A8C73E4}.Debug|Any CPU.ActiveCfg = Debug|Any CPU
		{6BE8BA00-898D-45AF-AC13-3FC81A8C73E4}.Debug|Any CPU.Build.0 = Debug|Any CPU
		{6BE8BA00-898D-45AF-AC13-3FC81A8C73E4}.Release|Any CPU.ActiveCfg = Release|Any CPU
		{6BE8BA00-898D-45AF-AC13-3FC81A8C73E4}.Release|Any CPU.Build.0 = Release|Any CPU
		{CF3E042D-0409-4A9C-923B-9BB45519E1C0}.Debug|Any CPU.ActiveCfg = Debug|Any CPU
		{CF3E042D-0409-4A9C-923B-9BB45519E1C0}.Debug|Any CPU.Build.0 = Debug|Any CPU
		{CF3E042D-0409-4A9C-923B-9BB45519E1C0}.Release|Any CPU.ActiveCfg = Release|Any CPU
		{CF3E042D-0409-4A9C-923B-9BB45519E1C0}.Release|Any CPU.Build.0 = Release|Any CPU
	EndGlobalSection
	GlobalSection(SolutionProperties) = preSolution
		HideSolutionNode = FALSE
	EndGlobalSection
	GlobalSection(ExtensibilityGlobals) = postSolution
		SolutionGuid = {028C01BE-CA10-4C39-A71B-F7D86E4C7955}
	EndGlobalSection
EndGlobal
